
Microsoft Visual Studio Solution File, Format Version 12.00
# Visual Studio Version 17
VisualStudioVersion = 17.6.33829.357
MinimumVisualStudioVersion = 10.0.40219.1
Project("{FAE04EC0-301F-11D3-BF4B-00C04F79EFBC}") = "prjTravelDateT1", "prjTravelDateT1\prjTravelDateT1.csproj", "{56D9C79C-42E4-460F-98B0-E2FBA77FFC13}"
EndProject
Global
	GlobalSection(SolutionConfigurationPlatforms) = preSolution
		Debug|Any CPU = Debug|Any CPU
		Release|Any CPU = Release|Any CPU
	EndGlobalSection
	GlobalSection(ProjectConfigurationPlatforms) = postSolution
		{56D9C79C-42E4-460F-98B0-E2FBA77FFC13}.Debug|Any CPU.ActiveCfg = Debug|Any CPU
		{56D9C79C-42E4-460F-98B0-E2FBA77FFC13}.Debug|Any CPU.Build.0 = Debug|Any CPU
		{56D9C79C-42E4-460F-98B0-E2FBA77FFC13}.Release|Any CPU.ActiveCfg = Release|Any CPU
		{56D9C79C-42E4-460F-98B0-E2FBA77FFC13}.Release|Any CPU.Build.0 = Release|Any CPU
	EndGlobalSection
	GlobalSection(SolutionProperties) = preSolution
		HideSolutionNode = FALSE
	EndGlobalSection
	GlobalSection(ExtensibilityGlobals) = postSolution
		SolutionGuid = {868D0534-55B6-46FD-8FB4-49562F33BAEC}
	EndGlobalSection
EndGlobal
